
Microsoft Visual Studio Solution File, Format Version 12.00
# Visual Studio Version 17
VisualStudioVersion = 17.14.36908.2 d17.14
MinimumVisualStudioVersion = 10.0.40219.1
Project("{FAE04EC0-301F-11D3-BF4B-00C04F79EFBC}") = "WindowsFormsApp", "WindowsFormsApp.csproj", "{FCB977E3-9225-40EA-8445-3F15F5700755}"
EndProject
Global
	GlobalSection(SolutionConfigurationPlatforms) = preSolution
		Debug|Any CPU = Debug|Any CPU
		Release|Any CPU = Release|Any CPU
	EndGlobalSection
	GlobalSection(ProjectConfigurationPlatforms) = postSolution
		{FCB977E3-9225-40EA-8445-3F15F5700755}.Debug|Any CPU.ActiveCfg = Debug|Any CPU
		{FCB977E3-9225-40EA-8445-3F15F5700755}.Debug|Any CPU.Build.0 = Debug|Any CPU
		{FCB977E3-9225-40EA-8445-3F15F5700755}.Release|Any CPU.ActiveCfg = Release|Any CPU
		{FCB977E3-9225-40EA-8445-3F15F5700755}.Release|Any CPU.Build.0 = Release|Any CPU
	EndGlobalSection
	GlobalSection(SolutionProperties) = preSolution
		HideSolutionNode = FALSE
	EndGlobalSection
	GlobalSection(ExtensibilityGlobals) = postSolution
		SolutionGuid = {9FBE8B06-4109-45F1-B42B-71406A8C7996}
	EndGlobalSection
EndGlobal
