
Microsoft Visual Studio Solution File, Format Version 12.00
# Visual Studio Version 17
VisualStudioVersion = 17.14.36908.2 d17.14
MinimumVisualStudioVersion = 10.0.40219.1
Project("{FAE04EC0-301F-11D3-BF4B-00C04F79EFBC}") = "Class_Example", "Class_Example.csproj", "{B6551AF2-C038-4111-9C3F-45BA0CF7A795}"
EndProject
Global
	GlobalSection(SolutionConfigurationPlatforms) = preSolution
		Debug|Any CPU = Debug|Any CPU
		Release|Any CPU = Release|Any CPU
	EndGlobalSection
	GlobalSection(ProjectConfigurationPlatforms) = postSolution
		{B6551AF2-C038-4111-9C3F-45BA0CF7A795}.Debug|Any CPU.ActiveCfg = Debug|Any CPU
		{B6551AF2-C038-4111-9C3F-45BA0CF7A795}.Debug|Any CPU.Build.0 = Debug|Any CPU
		{B6551AF2-C038-4111-9C3F-45BA0CF7A795}.Release|Any CPU.ActiveCfg = Release|Any CPU
		{B6551AF2-C038-4111-9C3F-45BA0CF7A795}.Release|Any CPU.Build.0 = Release|Any CPU
	EndGlobalSection
	GlobalSection(SolutionProperties) = preSolution
		HideSolutionNode = FALSE
	EndGlobalSection
	GlobalSection(ExtensibilityGlobals) = postSolution
		SolutionGuid = {26411FA0-8912-4BFC-9047-D022C746EB48}
	EndGlobalSection
EndGlobal
