
Microsoft Visual Studio Solution File, Format Version 12.00
# Visual Studio Version 17
VisualStudioVersion = 17.14.36908.2 d17.14
MinimumVisualStudioVersion = 10.0.40219.1
Project("{FAE04EC0-301F-11D3-BF4B-00C04F79EFBC}") = "Lab2_Calculator", "Lab2_Calculator.csproj", "{2D4ACC28-E4B2-4114-BC9B-647B7943BCDA}"
EndProject
Project("{FAE04EC0-301F-11D3-BF4B-00C04F79EFBC}") = "Lab2_Calculator", "..\..\..\Week2\Lab2_Calculator\Lab2_Calculator\Lab2_Calculator.csproj", "{2D4ACC28-E4B2-4114-BC9B-647B7943BCDA}"
EndProject
Global
	GlobalSection(SolutionConfigurationPlatforms) = preSolution
		Debug|Any CPU = Debug|Any CPU
		Release|Any CPU = Release|Any CPU
	EndGlobalSection
	GlobalSection(ProjectConfigurationPlatforms) = postSolution
		{2D4ACC28-E4B2-4114-BC9B-647B7943BCDA}.Debug|Any CPU.ActiveCfg = Debug|Any CPU
		{2D4ACC28-E4B2-4114-BC9B-647B7943BCDA}.Debug|Any CPU.Build.0 = Debug|Any CPU
		{2D4ACC28-E4B2-4114-BC9B-647B7943BCDA}.Release|Any CPU.ActiveCfg = Release|Any CPU
		{2D4ACC28-E4B2-4114-BC9B-647B7943BCDA}.Release|Any CPU.Build.0 = Release|Any CPU
	EndGlobalSection
	GlobalSection(SolutionProperties) = preSolution
		HideSolutionNode = FALSE
	EndGlobalSection
	GlobalSection(ExtensibilityGlobals) = postSolution
		SolutionGuid = {64AAE07C-399F-406E-80C0-58D18DFB2759}
	EndGlobalSection
EndGlobal
